# This file is automatically @generated by Poetry 1.7.1 and should not be changed by hand.

[[package]]
name = "pymodbus"
version = "3.6.2"
description = "A fully featured modbus protocol stack in python"
optional = false
python-versions = ">=3.8.0"
files = [
    {file = "pymodbus-3.6.2-py3-none-any.whl", hash = "sha256:81777d037be9c8d31b5eaefe28cdb9b457581c0e7e8165d5dc7710c2156d24be"},
    {file = "pymodbus-3.6.2.tar.gz", hash = "sha256:27e845de3074ffb40d0c4c315101b663781608ec83a859dec373cb7b43ac2fe6"},
]

[package.extras]
all = ["pymodbus[development,documentation,repl,serial,simulator]"]
development = ["build (>=1.0.3)", "codespell (>=2.2.2)", "coverage (>=7.1.0)", "mypy (>=1.6.0)", "pylint (>=2.17.2)", "pytest (>=7.3.1)", "pytest-asyncio (>=0.20.3)", "pytest-cov (>=4.1.0)", "pytest-timeout (>=2.2.0)", "pytest-xdist (>=3.3.1)", "ruff (>=0.1.3)", "twine (>=4.0.2)", "types-Pygments", "types-pyserial"]
documentation = ["Sphinx (>=5.3.0)", "recommonmark (>=0.7.1)", "sphinx-rtd-theme (>=1.1.1)"]
repl = ["aiohttp (>=3.8.6)", "aiohttp (>=3.9.0b0)", "click (>=8.0.0)", "prompt-toolkit (>=3.0.36)", "pygments (>=2.15.0)", "typer[all] (>=0.7.0)"]
serial = ["pyserial (>=3.5)"]
simulator = ["aiohttp (>=3.8.6)", "aiohttp (>=3.9.0b0)"]

[[package]]
name = "pyserial"
version = "3.5"
description = "Python Serial Port Extension"
optional = false
python-versions = "*"
files = [
    {file = "pyserial-3.5-py2.py3-none-any.whl", hash = "sha256:c4451db6ba391ca6ca299fb3ec7bae67a5c55dde170964c7a14ceefec02f2cf0"},
    {file = "pyserial-3.5.tar.gz", hash = "sha256:3c77e014170dfffbd816e6ffc205e9842efb10be9f58ec16d3e8675b4925cddb"},
]

[package.extras]
cp2110 = ["hidapi"]

[metadata]
lock-version = "2.0"
python-versions = "^3.8"
content-hash = "e82158a227cc5ebd5e905ccd06a6d1705b387aac14a95088ff627b28244dcb20"
